
Microsoft Visual Studio Solution File, Format Version 12.00
# Visual Studio Version 17
VisualStudioVersion = 17.14.36212.18
MinimumVisualStudioVersion = 10.0.40219.1
Project("{FAE04EC0-301F-11D3-BF4B-00C04F79EFBC}") = "Gjenkjenn", "Gjenkjenn\Gjenkjenn.csproj", "{090A5EAA-B714-067D-F90B-1B32719A0F02}"
EndProject
Project("{8BC9CEB8-8B4A-11D0-8D11-00A0C91BC942}") = "bridge", "bridge\bridge.vcxproj", "{9C5996AB-9865-A034-0888-6D78C8A85DF1}"
EndProject
Project("{2150E333-8FDC-42A3-9474-1A3956D46DE8}") = "Solution Items", "Solution Items", "{8EC462FD-D22E-90A8-E5CE-7E832BA40C5D}"
	ProjectSection(SolutionItems) = preProject
		Notes.md = Notes.md
		Readme.md = Readme.md
	EndProjectSection
EndProject
Global
	GlobalSection(SolutionConfigurationPlatforms) = preSolution
		Debug|Any CPU = Debug|Any CPU
		Debug|x64 = Debug|x64
		Debug|x86 = Debug|x86
		Release|Any CPU = Release|Any CPU
		Release|x64 = Release|x64
		Release|x86 = Release|x86
	EndGlobalSection
	GlobalSection(ProjectConfigurationPlatforms) = postSolution
		{090A5EAA-B714-067D-F90B-1B32719A0F02}.Debug|Any CPU.ActiveCfg = Debug|x64
		{090A5EAA-B714-067D-F90B-1B32719A0F02}.Debug|x64.ActiveCfg = Debug|x64
		{090A5EAA-B714-067D-F90B-1B32719A0F02}.Debug|x64.Build.0 = Debug|x64
		{090A5EAA-B714-067D-F90B-1B32719A0F02}.Debug|x86.ActiveCfg = Debug|x64
		{090A5EAA-B714-067D-F90B-1B32719A0F02}.Release|Any CPU.ActiveCfg = Release|x64
		{090A5EAA-B714-067D-F90B-1B32719A0F02}.Release|x64.ActiveCfg = Release|x64
		{090A5EAA-B714-067D-F90B-1B32719A0F02}.Release|x86.ActiveCfg = Release|x64
		{9C5996AB-9865-A034-0888-6D78C8A85DF1}.Debug|Any CPU.ActiveCfg = Debug|x64
		{9C5996AB-9865-A034-0888-6D78C8A85DF1}.Debug|Any CPU.Build.0 = Debug|x64
		{9C5996AB-9865-A034-0888-6D78C8A85DF1}.Debug|x64.ActiveCfg = Debug|x64
		{9C5996AB-9865-A034-0888-6D78C8A85DF1}.Debug|x64.Build.0 = Debug|x64
		{9C5996AB-9865-A034-0888-6D78C8A85DF1}.Debug|x86.ActiveCfg = Debug|Win32
		{9C5996AB-9865-A034-0888-6D78C8A85DF1}.Debug|x86.Build.0 = Debug|Win32
		{9C5996AB-9865-A034-0888-6D78C8A85DF1}.Release|Any CPU.ActiveCfg = Release|x64
		{9C5996AB-9865-A034-0888-6D78C8A85DF1}.Release|Any CPU.Build.0 = Release|x64
		{9C5996AB-9865-A034-0888-6D78C8A85DF1}.Release|x64.ActiveCfg = Release|x64
		{9C5996AB-9865-A034-0888-6D78C8A85DF1}.Release|x64.Build.0 = Release|x64
		{9C5996AB-9865-A034-0888-6D78C8A85DF1}.Release|x86.ActiveCfg = Release|Win32
		{9C5996AB-9865-A034-0888-6D78C8A85DF1}.Release|x86.Build.0 = Release|Win32
	EndGlobalSection
	GlobalSection(SolutionProperties) = preSolution
		HideSolutionNode = FALSE
	EndGlobalSection
	GlobalSection(ExtensibilityGlobals) = postSolution
		SolutionGuid = {425A28B1-6EB8-4AE6-AA91-BA01827CA82E}
	EndGlobalSection
EndGlobal
